<?xml version="1.0" encoding="utf-8"?>
<Project ToolsVersion="4.0" xmlns="http://schemas.microsoft.com/developer/msbuild/2003">
  <ItemGroup>
    <Filter Include="Source Files">
      <UniqueIdentifier>{4FC737F1-C7A5-4376-A066-2A32D752A2FF}</UniqueIdentifier>
      <Extensions>cpp;c;cc;cxx;c++;def;odl;idl;hpj;bat;asm;asmx</Extensions>
    </Filter>
    <Filter Include="Header Files">
      <UniqueIdentifier>{93995380-89BD-4b04-88EB-625FBE52EBFB}</UniqueIdentifier>
      <Extensions>h;hh;hpp;hxx;h++;hm;inl;inc;ipp;xsd</Extensions>
    </Filter>
    <Filter Include="Resource Files">
      <UniqueIdentifier>{67DA6AB6-F800-4c08-8B7A-83BB121AAD01}</UniqueIdentifier>
      <Extensions>rc;ico;cur;bmp;dlg;rc2;rct;bin;rgs;gif;jpg;jpeg;jpe;resx;tiff;tif;png;wav;mfcribbon-ms</Extensions>
    </Filter>
    <Filter Include="Header Files\FBTypes">
      <UniqueIdentifier>{8c601454-9820-494a-90bb-0f52bfe23a59}</UniqueIdentifier>
    </Filter>
    <Filter Include="Header Files\math">
      <UniqueIdentifier>{3c691898-2e94-4850-a615-801a90df7d25}</UniqueIdentifier>
    </Filter>
    <Filter Include="Header Files\util">
      <UniqueIdentifier>{fd8b19c0-e69a-4f9c-9785-ddee38dc6b50}</UniqueIdentifier>
    </Filter>
    <Filter Include="Source Files\util">
      <UniqueIdentifier>{23f93ff5-aa3a-440c-bea9-e683a7a0c3db}</UniqueIdentifier>
    </Filter>
    <Filter Include="Source Files\DriftComponent">
      <UniqueIdentifier>{79cc0a22-9fb4-4ded-82a4-674be99dd9be}</UniqueIdentifier>
    </Filter>
    <Filter Include="Source Files\FBTypes">
      <UniqueIdentifier>{0728fa8d-05b1-4ff8-a69a-d84695ab1446}</UniqueIdentifier>
    </Filter>
    <Filter Include="Source Files\FBTypes\PerformanceModification">
      <UniqueIdentifier>{1aabba8d-fa62-43bd-9e3a-33e8ea9d9cab}</UniqueIdentifier>
    </Filter>
    <Filter Include="Header Files\FBTypes\PerformanceModification">
      <UniqueIdentifier>{48b4ba4f-8b93-4dbb-98fa-f73651cca217}</UniqueIdentifier>
    </Filter>
    <Filter Include="Header Files\util\debug">
      <UniqueIdentifier>{782fb75d-8b93-4f16-8c2f-211c45973f84}</UniqueIdentifier>
    </Filter>
    <Filter Include="Source Files\util\debug">
      <UniqueIdentifier>{5569b18c-0941-40eb-bf71-510370bb2e1d}</UniqueIdentifier>
    </Filter>
    <Filter Include="Header Files\util\debug_render">
      <UniqueIdentifier>{1b2194e6-e859-4f82-a716-3cea83ee94a1}</UniqueIdentifier>
    </Filter>
    <Filter Include="Source Files\util\debug_render">
      <UniqueIdentifier>{bf0e9197-871f-4c37-af85-861819bde384}</UniqueIdentifier>
    </Filter>
    <Filter Include="kiero">
      <UniqueIdentifier>{321545ea-4b10-4545-8b42-7a08150a0b57}</UniqueIdentifier>
    </Filter>
    <Filter Include="imgui">
      <UniqueIdentifier>{4dde869f-5666-4448-9a93-f8cc80ede6f7}</UniqueIdentifier>
    </Filter>
    <Filter Include="imgui\backends">
      <UniqueIdentifier>{3f97580f-086e-470e-960f-e120cf9792c5}</UniqueIdentifier>
    </Filter>
    <Filter Include="minhook">
      <UniqueIdentifier>{8ad90e15-7c48-4d21-8fe6-28afb04bc5e1}</UniqueIdentifier>
    </Filter>
    <Filter Include="minhook\include">
      <UniqueIdentifier>{ee281119-4b02-4c43-a6ee-e8db40ea971a}</UniqueIdentifier>
    </Filter>
    <Filter Include="minhook\src">
      <UniqueIdentifier>{c51cc7c7-120f-4275-b89e-94c61376c24d}</UniqueIdentifier>
    </Filter>
    <Filter Include="minhook\src\hde">
      <UniqueIdentifier>{369c4987-28b1-44f4-a209-ec79e7732504}</UniqueIdentifier>
    </Filter>
    <Filter Include="Source Files\math">
      <UniqueIdentifier>{72fa50fb-4df5-425e-9559-793a2fdd57c3}</UniqueIdentifier>
    </Filter>
    <Filter Include="Header Files\DriftComponent">
      <UniqueIdentifier>{dcc18141-189b-4521-9d22-7112d3f2c5ee}</UniqueIdentifier>
    </Filter>
    <Filter Include="Source Files\FBTypes\Race">
      <UniqueIdentifier>{11821e4e-5d30-4aa8-a83d-90dee03c9941}</UniqueIdentifier>
    </Filter>
    <Filter Include="Source Files\FBTypes\Race\Client">
      <UniqueIdentifier>{be2ecc3f-028a-4cb3-bd9c-02bf9e0b1acb}</UniqueIdentifier>
    </Filter>
    <Filter Include="Source Files\FBTypes\Race\Client\Vehicle">
      <UniqueIdentifier>{bb0a60c2-e6a9-43ce-b288-360303d5e1eb}</UniqueIdentifier>
    </Filter>
    <Filter Include="Header Files\FBTypes\Race">
      <UniqueIdentifier>{0fc34f6b-3360-490a-8c05-26dfe40ce8fa}</UniqueIdentifier>
    </Filter>
    <Filter Include="Header Files\FBTypes\Race\Client">
      <UniqueIdentifier>{ca191b02-5d07-4c8e-ae7d-a29c15896237}</UniqueIdentifier>
    </Filter>
    <Filter Include="Header Files\FBTypes\Race\Client\Vehicle">
      <UniqueIdentifier>{f25b3367-5631-4714-93e8-b37ee3f01cbe}</UniqueIdentifier>
    </Filter>
    <Filter Include="Header Files\FBTypes\Engine">
      <UniqueIdentifier>{43e8dc07-8b51-46ca-9ddb-3538e208b857}</UniqueIdentifier>
    </Filter>
    <Filter Include="Header Files\FBTypes\Engine\Physics">
      <UniqueIdentifier>{a1370422-228a-4b10-9e8d-03a4336561f2}</UniqueIdentifier>
    </Filter>
    <Filter Include="Header Files\FBTypes\Engine\Physics\Vehicle">
      <UniqueIdentifier>{b9ca99fa-3dec-4647-aff2-4f57732a71b8}</UniqueIdentifier>
    </Filter>
    <Filter Include="Header Files\FBTypes\Engine\Physics\Vehicle\EAGR">
      <UniqueIdentifier>{17bed349-f81e-4273-9609-f1a74fa75399}</UniqueIdentifier>
    </Filter>
    <Filter Include="Header Files\FBTypes\Engine\Physics\Vehicle\EAGR\PhysicsComponents">
      <UniqueIdentifier>{2ea92e4f-e078-4764-9c97-f46fee83e9c7}</UniqueIdentifier>
    </Filter>
    <Filter Include="Header Files\FBTypes\Engine\Entity">
      <UniqueIdentifier>{3476018d-d6e9-48c9-bcaf-f5687e8ac949}</UniqueIdentifier>
    </Filter>
    <Filter Include="Source Files\FBTypes\Engine">
      <UniqueIdentifier>{81e6ca37-98ad-433b-b6e4-80508bcb58eb}</UniqueIdentifier>
    </Filter>
    <Filter Include="Source Files\FBTypes\Engine\Physics">
      <UniqueIdentifier>{1b45f6e2-55b5-4aba-836e-843bcba41614}</UniqueIdentifier>
    </Filter>
    <Filter Include="Source Files\FBTypes\Engine\Physics\Vehicle">
      <UniqueIdentifier>{9837eba6-141c-43cd-b47b-ade5186f6643}</UniqueIdentifier>
    </Filter>
    <Filter Include="Source Files\FBTypes\Engine\Physics\Vehicle\EAGR">
      <UniqueIdentifier>{af6582fb-6eb4-4171-98c2-f28aeee9b90a}</UniqueIdentifier>
    </Filter>
    <Filter Include="Source Files\FBTypes\Engine\Physics\Vehicle\EAGR\PhysicsComponents">
      <UniqueIdentifier>{561406b0-e0cb-4ab8-a5b9-87e50633a681}</UniqueIdentifier>
    </Filter>
    <Filter Include="Header Files\FBTypes\External">
      <UniqueIdentifier>{bac7144e-026d-4489-9344-7a5f951ad49e}</UniqueIdentifier>
    </Filter>
    <Filter Include="Header Files\FBTypes\External\EA">
      <UniqueIdentifier>{af4de22f-4717-4d1f-8fc2-10de86616905}</UniqueIdentifier>
    </Filter>
    <Filter Include="Header Files\FBTypes\External\EA\VehiclePhysics">
      <UniqueIdentifier>{003e68be-c4d9-483c-a982-e1e06749f5df}</UniqueIdentifier>
    </Filter>
    <Filter Include="Header Files\FBTypes\External\EA\VehiclePhysics\Core">
      <UniqueIdentifier>{53c5916f-7442-4f10-bc7f-a26dc28ca18a}</UniqueIdentifier>
    </Filter>
    <Filter Include="Source Files\FBTypes\External">
      <UniqueIdentifier>{68b01062-fd55-4a56-93fa-4b37f09d5821}</UniqueIdentifier>
    </Filter>
    <Filter Include="Source Files\FBTypes\External\EA">
      <UniqueIdentifier>{192d2590-946c-4e6a-a686-ba7b3f4409df}</UniqueIdentifier>
    </Filter>
    <Filter Include="Source Files\FBTypes\External\EA\VehiclePhysics">
      <UniqueIdentifier>{f5a2b912-6388-4d74-8c9c-4de067eab555}</UniqueIdentifier>
    </Filter>
    <Filter Include="Source Files\FBTypes\External\EA\VehiclePhysics\Core">
      <UniqueIdentifier>{eed765ef-3697-4134-a59c-d83608d2f68a}</UniqueIdentifier>
    </Filter>
  </ItemGroup>
  <ItemGroup>
    <ClCompile Include="source\main.cpp">
      <Filter>Source Files</Filter>
    </ClCompile>
    <ClCompile Include="source\pch.cpp">
      <Filter>Source Files</Filter>
    </ClCompile>
    <ClCompile Include="..\util\utils.cpp">
      <Filter>Source Files\util</Filter>
    </ClCompile>
    <ClCompile Include="source\DriftComponent\RevivalDriftComponent.cpp">
      <Filter>Source Files\DriftComponent</Filter>
    </ClCompile>
    <ClCompile Include="..\FBTypes\PerformanceModification\PerformanceModification.cpp">
      <Filter>Source Files\FBTypes\PerformanceModification</Filter>
    </ClCompile>
    <ClCompile Include="..\util\debug\render\shared.cpp">
      <Filter>Source Files\util\debug_render</Filter>
    </ClCompile>
    <ClCompile Include="..\util\debug\render\win32_impl.cpp">
      <Filter>Source Files\util\debug_render</Filter>
    </ClCompile>
    <ClCompile Include="..\kiero\kiero.cpp">
      <Filter>kiero</Filter>
    </ClCompile>
    <ClCompile Include="..\imgui\imgui.cpp">
      <Filter>imgui</Filter>
    </ClCompile>
    <ClCompile Include="..\imgui\imgui_demo.cpp">
      <Filter>imgui</Filter>
    </ClCompile>
    <ClCompile Include="..\imgui\imgui_draw.cpp">
      <Filter>imgui</Filter>
    </ClCompile>
    <ClCompile Include="..\imgui\imgui_tables.cpp">
      <Filter>imgui</Filter>
    </ClCompile>
    <ClCompile Include="..\imgui\imgui_widgets.cpp">
      <Filter>imgui</Filter>
    </ClCompile>
    <ClCompile Include="..\imgui\backends\imgui_impl_dx11.cpp">
      <Filter>imgui\backends</Filter>
    </ClCompile>
    <ClCompile Include="..\imgui\backends\imgui_impl_win32.cpp">
      <Filter>imgui\backends</Filter>
    </ClCompile>
    <ClCompile Include="..\util\debug\render\DebugRenderer.cpp">
      <Filter>Source Files\util\debug_render</Filter>
    </ClCompile>
    <ClCompile Include="..\kiero\minhook\src\buffer.c">
      <Filter>minhook\src</Filter>
    </ClCompile>
    <ClCompile Include="..\kiero\minhook\src\hook.c">
      <Filter>minhook\src</Filter>
    </ClCompile>
    <ClCompile Include="..\kiero\minhook\src\trampoline.c">
      <Filter>minhook\src</Filter>
    </ClCompile>
    <ClCompile Include="..\kiero\minhook\src\hde\hde32.c">
      <Filter>minhook\src\hde</Filter>
    </ClCompile>
    <ClCompile Include="..\kiero\minhook\src\hde\hde64.c">
      <Filter>minhook\src\hde</Filter>
    </ClCompile>
    <ClCompile Include="..\util\debug\render\DebugRendererFB.cpp">
      <Filter>Source Files\util\debug_render</Filter>
    </ClCompile>
    <ClCompile Include="..\util\memoryutils.cpp">
      <Filter>Source Files\util</Filter>
    </ClCompile>
    <ClCompile Include="..\math\Vec4.cpp">
      <Filter>Source Files\math</Filter>
    </ClCompile>
    <ClCompile Include="..\math\Vec2.cpp">
      <Filter>Source Files\math</Filter>
    </ClCompile>
    <ClCompile Include="..\FBTypes\Race\Client\Vehicle\ClientRaceVehicleDetector.cpp">
      <Filter>Source Files\FBTypes\Race\Client\Vehicle</Filter>
    </ClCompile>
    <ClCompile Include="..\FBTypes\Engine\Physics\Vehicle\EAGR\PhysicsComponents\HandbrakeComponent.cpp">
      <Filter>Source Files\FBTypes\Engine\Physics\Vehicle\EAGR\PhysicsComponents</Filter>
    </ClCompile>
    <ClCompile Include="..\FBTypes\External\EA\VehiclePhysics\Core\Curve.cpp">
      <Filter>Source Files\FBTypes\External\EA\VehiclePhysics\Core</Filter>
    </ClCompile>
    <ClCompile Include="..\FBTypes\Engine\Physics\Vehicle\EAGR\PhysicsComponents\DriftComponent.cpp">
      <Filter>Source Files\FBTypes\Engine\Physics\Vehicle\EAGR\PhysicsComponents</Filter>
    </ClCompile>
  </ItemGroup>
  <ItemGroup>
    <ClInclude Include="source\framework.h">
      <Filter>Header Files</Filter>
    </ClInclude>
    <ClInclude Include="source\main.h">
      <Filter>Header Files</Filter>
    </ClInclude>
    <ClInclude Include="source\pch.h">
      <Filter>Header Files</Filter>
    </ClInclude>
    <ClInclude Include="..\FBTypes\NFSClasses.h">
      <Filter>Header Files\FBTypes</Filter>
    </ClInclude>
    <ClInclude Include="..\math\vectormath.h">
      <Filter>Header Files\math</Filter>
    </ClInclude>
    <ClInclude Include="..\util\utils.h">
      <Filter>Header Files\util</Filter>
    </ClInclude>
    <ClInclude Include="..\FBTypes\PerformanceModification\PerformanceModification.h">
      <Filter>Header Files\FBTypes\PerformanceModification</Filter>
    </ClInclude>
    <ClInclude Include="..\util\debug\render\shared.h">
      <Filter>Header Files\util\debug_render</Filter>
    </ClInclude>
    <ClInclude Include="..\util\debug\render\win32_impl.h">
      <Filter>Header Files\util\debug_render</Filter>
    </ClInclude>
    <ClInclude Include="..\kiero\kiero.h">
      <Filter>kiero</Filter>
    </ClInclude>
    <ClInclude Include="..\FBTypes\VehicleComponents.h">
      <Filter>Header Files\FBTypes</Filter>
    </ClInclude>
    <ClInclude Include="..\imgui\imconfig.h">
      <Filter>imgui</Filter>
    </ClInclude>
    <ClInclude Include="..\imgui\imgui.h">
      <Filter>imgui</Filter>
    </ClInclude>
    <ClInclude Include="..\imgui\imgui_internal.h">
      <Filter>imgui</Filter>
    </ClInclude>
    <ClInclude Include="..\imgui\imstb_rectpack.h">
      <Filter>imgui</Filter>
    </ClInclude>
    <ClInclude Include="..\imgui\imstb_textedit.h">
      <Filter>imgui</Filter>
    </ClInclude>
    <ClInclude Include="..\imgui\imstb_truetype.h">
      <Filter>imgui</Filter>
    </ClInclude>
    <ClInclude Include="..\imgui\backends\imgui_impl_dx11.h">
      <Filter>imgui\backends</Filter>
    </ClInclude>
    <ClInclude Include="..\imgui\backends\imgui_impl_win32.h">
      <Filter>imgui\backends</Filter>
    </ClInclude>
    <ClInclude Include="..\util\debug\render\DebugRendererFB.h">
      <Filter>Header Files\util\debug_render</Filter>
    </ClInclude>
    <ClInclude Include="..\kiero\minhook\include\MinHook.h">
      <Filter>minhook\include</Filter>
    </ClInclude>
    <ClInclude Include="..\kiero\minhook\src\trampoline.h">
      <Filter>minhook\src</Filter>
    </ClInclude>
    <ClInclude Include="..\kiero\minhook\src\buffer.h">
      <Filter>minhook\src</Filter>
    </ClInclude>
    <ClInclude Include="..\kiero\minhook\src\hde\hde32.h">
      <Filter>minhook\src\hde</Filter>
    </ClInclude>
    <ClInclude Include="..\kiero\minhook\src\hde\hde64.h">
      <Filter>minhook\src\hde</Filter>
    </ClInclude>
    <ClInclude Include="..\kiero\minhook\src\hde\pstdint.h">
      <Filter>minhook\src\hde</Filter>
    </ClInclude>
    <ClInclude Include="..\kiero\minhook\src\hde\table32.h">
      <Filter>minhook\src\hde</Filter>
    </ClInclude>
    <ClInclude Include="..\kiero\minhook\src\hde\table64.h">
      <Filter>minhook\src\hde</Filter>
    </ClInclude>
    <ClInclude Include="..\util\debug\render\DebugRenderer.h">
      <Filter>Header Files\util\debug_render</Filter>
    </ClInclude>
    <ClInclude Include="..\util\debug\debug.h">
      <Filter>Header Files\util\debug</Filter>
    </ClInclude>
    <ClInclude Include="..\util\memoryutils.h">
      <Filter>Header Files\util</Filter>
    </ClInclude>
    <ClInclude Include="..\FBTypes\External\EA\VehiclePhysics\include\VehiclePhysics\Core\Curve.hpp">
      <Filter>Header Files\FBTypes\External\EA\VehiclePhysics\Core</Filter>
    </ClInclude>
    <ClInclude Include="..\math\Vec2.h">
      <Filter>Header Files\math</Filter>
    </ClInclude>
    <ClInclude Include="..\math\Vec4.h">
      <Filter>Header Files\math</Filter>
    </ClInclude>
    <ClInclude Include="source\DriftComponent\RevivalDriftComponent.h">
      <Filter>Header Files\DriftComponent</Filter>
    </ClInclude>
    <ClInclude Include="..\math\LinearTransform.h">
      <Filter>Header Files\math</Filter>
    </ClInclude>
    <ClInclude Include="..\FBTypes\Race\Client\Vehicle\ClientRaceVehicleDetector.h">
      <Filter>Header Files\FBTypes\Race\Client\Vehicle</Filter>
    </ClInclude>
    <ClInclude Include="..\FBTypes\Engine\Entity\EntityIterator.h">
      <Filter>Header Files\FBTypes\Engine\Entity</Filter>
    </ClInclude>
    <ClInclude Include="..\FBTypes\Engine\Entity\EntityDeclarations.h">
      <Filter>Header Files\FBTypes\Engine\Entity</Filter>
    </ClInclude>
    <ClInclude Include="..\FBTypes\Engine\Physics\Vehicle\EAGR\PhysicsComponents\DriftComponent.h">
      <Filter>Header Files\FBTypes\Engine\Physics\Vehicle\EAGR\PhysicsComponents</Filter>
    </ClInclude>
    <ClInclude Include="..\FBTypes\Engine\Physics\Vehicle\EAGR\PhysicsComponents\DriftParams.h">
      <Filter>Header Files\FBTypes\Engine\Physics\Vehicle\EAGR\PhysicsComponents</Filter>
    </ClInclude>
    <ClInclude Include="..\FBTypes\Engine\Physics\Vehicle\EAGR\PhysicsComponents\SteeringComponent.h">
      <Filter>Header Files\FBTypes\Engine\Physics\Vehicle\EAGR\PhysicsComponents</Filter>
    </ClInclude>
    <ClInclude Include="..\FBTypes\Engine\Physics\Vehicle\EAGR\PhysicsComponents\RaceVehicleDriftConfigData.h">
      <Filter>Header Files\FBTypes\Engine\Physics\Vehicle\EAGR</Filter>
    </ClInclude>
    <ClInclude Include="..\FBTypes\Engine\Physics\Vehicle\EAGR\PhysicsComponents\HandbrakeComponent.h">
      <Filter>Header Files\FBTypes\Engine\Physics\Vehicle\EAGR\PhysicsComponents</Filter>
    </ClInclude>
  </ItemGroup>
</Project>