<?xml version="1.0" encoding="utf-8"?>
<Project ToolsVersion="4.0" xmlns="http://schemas.microsoft.com/developer/msbuild/2003">
  <ItemGroup>
    <Filter Include="Source Files">
      <UniqueIdentifier>{4FC737F1-C7A5-4376-A066-2A32D752A2FF}</UniqueIdentifier>
      <Extensions>cpp;c;cc;cxx;c++;def;odl;idl;hpj;bat;asm;asmx</Extensions>
    </Filter>
    <Filter Include="Header Files">
      <UniqueIdentifier>{93995380-89BD-4b04-88EB-625FBE52EBFB}</UniqueIdentifier>
      <Extensions>h;hh;hpp;hxx;h++;hm;inl;inc;ipp;xsd</Extensions>
    </Filter>
    <Filter Include="Resource Files">
      <UniqueIdentifier>{67DA6AB6-F800-4c08-8B7A-83BB121AAD01}</UniqueIdentifier>
      <Extensions>rc;ico;cur;bmp;dlg;rc2;rct;bin;rgs;gif;jpg;jpeg;jpe;resx;tiff;tif;png;wav;mfcribbon-ms</Extensions>
    </Filter>
    <Filter Include="Header Files\FBTypes">
      <UniqueIdentifier>{8c601454-9820-494a-90bb-0f52bfe23a59}</UniqueIdentifier>
    </Filter>
    <Filter Include="Header Files\math">
      <UniqueIdentifier>{3c691898-2e94-4850-a615-801a90df7d25}</UniqueIdentifier>
    </Filter>
    <Filter Include="Header Files\util">
      <UniqueIdentifier>{fd8b19c0-e69a-4f9c-9785-ddee38dc6b50}</UniqueIdentifier>
    </Filter>
    <Filter Include="Source Files\util">
      <UniqueIdentifier>{23f93ff5-aa3a-440c-bea9-e683a7a0c3db}</UniqueIdentifier>
    </Filter>
    <Filter Include="Source Files\DriftComponent">
      <UniqueIdentifier>{79cc0a22-9fb4-4ded-82a4-674be99dd9be}</UniqueIdentifier>
    </Filter>
    <Filter Include="Source Files\FBTypes">
      <UniqueIdentifier>{0728fa8d-05b1-4ff8-a69a-d84695ab1446}</UniqueIdentifier>
    </Filter>
    <Filter Include="Source Files\FBTypes\PerformanceModification">
      <UniqueIdentifier>{1aabba8d-fa62-43bd-9e3a-33e8ea9d9cab}</UniqueIdentifier>
    </Filter>
    <Filter Include="Header Files\FBTypes\PerformanceModification">
      <UniqueIdentifier>{48b4ba4f-8b93-4dbb-98fa-f73651cca217}</UniqueIdentifier>
    </Filter>
  </ItemGroup>
  <ItemGroup>
    <ClCompile Include="source\main.cpp">
      <Filter>Source Files</Filter>
    </ClCompile>
    <ClCompile Include="source\pch.cpp">
      <Filter>Source Files</Filter>
    </ClCompile>
    <ClCompile Include="..\util\utils.cpp">
      <Filter>Source Files\util</Filter>
    </ClCompile>
    <ClCompile Include="source\DriftComponent\RevivalDriftComponent.cpp">
      <Filter>Source Files\DriftComponent</Filter>
    </ClCompile>
    <ClCompile Include="..\FBTypes\PerformanceModification\PerformanceModification.cpp">
      <Filter>Source Files\FBTypes\PerformanceModification</Filter>
    </ClCompile>
  </ItemGroup>
  <ItemGroup>
    <ClInclude Include="source\DriftComponent\RevivalDriftComponent.h">
      <Filter>Header Files</Filter>
    </ClInclude>
    <ClInclude Include="source\framework.h">
      <Filter>Header Files</Filter>
    </ClInclude>
    <ClInclude Include="source\main.h">
      <Filter>Header Files</Filter>
    </ClInclude>
    <ClInclude Include="source\pch.h">
      <Filter>Header Files</Filter>
    </ClInclude>
    <ClInclude Include="..\FBTypes\NFSClasses.h">
      <Filter>Header Files\FBTypes</Filter>
    </ClInclude>
    <ClInclude Include="..\math\vectormath.h">
      <Filter>Header Files\math</Filter>
    </ClInclude>
    <ClInclude Include="..\util\utils.h">
      <Filter>Header Files\util</Filter>
    </ClInclude>
    <ClInclude Include="..\FBTypes\PerformanceModification\PerformanceModification.h">
      <Filter>Header Files\FBTypes\PerformanceModification</Filter>
    </ClInclude>
  </ItemGroup>
</Project>